
Microsoft Visual Studio Solution File, Format Version 12.00
# Visual Studio Version 17
VisualStudioVersion = 17.14.36414.22 d17.14
MinimumVisualStudioVersion = 10.0.40219.1
Project("{FAE04EC0-301F-11D3-BF4B-00C04F79EFBC}") = "Laboratorio19-1", "Laboratorio19-1\Laboratorio19-1.csproj", "{19DCC02F-A3FD-4B0C-B64B-7B0A2A991BAB}"
EndProject
Global
	GlobalSection(SolutionConfigurationPlatforms) = preSolution
		Debug|Any CPU = Debug|Any CPU
		Release|Any CPU = Release|Any CPU
	EndGlobalSection
	GlobalSection(ProjectConfigurationPlatforms) = postSolution
		{19DCC02F-A3FD-4B0C-B64B-7B0A2A991BAB}.Debug|Any CPU.ActiveCfg = Debug|Any CPU
		{19DCC02F-A3FD-4B0C-B64B-7B0A2A991BAB}.Debug|Any CPU.Build.0 = Debug|Any CPU
		{19DCC02F-A3FD-4B0C-B64B-7B0A2A991BAB}.Release|Any CPU.ActiveCfg = Release|Any CPU
		{19DCC02F-A3FD-4B0C-B64B-7B0A2A991BAB}.Release|Any CPU.Build.0 = Release|Any CPU
	EndGlobalSection
	GlobalSection(SolutionProperties) = preSolution
		HideSolutionNode = FALSE
	EndGlobalSection
	GlobalSection(ExtensibilityGlobals) = postSolution
		SolutionGuid = {E252C330-80ED-42C5-91B0-6EE261BA3D13}
	EndGlobalSection
EndGlobal
