
Microsoft Visual Studio Solution File, Format Version 12.00
# Visual Studio Version 17
VisualStudioVersion = 17.14.36414.22 d17.14
MinimumVisualStudioVersion = 10.0.40219.1
Project("{FAE04EC0-301F-11D3-BF4B-00C04F79EFBC}") = "Laboratorio93", "Laboratorio93\Laboratorio93.csproj", "{B8A6251C-7BC5-417F-A817-A0D925AF4725}"
EndProject
Global
	GlobalSection(SolutionConfigurationPlatforms) = preSolution
		Debug|Any CPU = Debug|Any CPU
		Release|Any CPU = Release|Any CPU
	EndGlobalSection
	GlobalSection(ProjectConfigurationPlatforms) = postSolution
		{B8A6251C-7BC5-417F-A817-A0D925AF4725}.Debug|Any CPU.ActiveCfg = Debug|Any CPU
		{B8A6251C-7BC5-417F-A817-A0D925AF4725}.Debug|Any CPU.Build.0 = Debug|Any CPU
		{B8A6251C-7BC5-417F-A817-A0D925AF4725}.Release|Any CPU.ActiveCfg = Release|Any CPU
		{B8A6251C-7BC5-417F-A817-A0D925AF4725}.Release|Any CPU.Build.0 = Release|Any CPU
	EndGlobalSection
	GlobalSection(SolutionProperties) = preSolution
		HideSolutionNode = FALSE
	EndGlobalSection
	GlobalSection(ExtensibilityGlobals) = postSolution
		SolutionGuid = {9BF2331B-1B9E-4806-8913-02A6AFF67836}
	EndGlobalSection
EndGlobal
