
Microsoft Visual Studio Solution File, Format Version 12.00
# Visual Studio Version 17
VisualStudioVersion = 17.14.36414.22 d17.14
MinimumVisualStudioVersion = 10.0.40219.1
Project("{FAE04EC0-301F-11D3-BF4B-00C04F79EFBC}") = "Laboratorio17", "Laboratorio17\Laboratorio17.csproj", "{97FCD932-3AB5-4849-8782-ADE8FEF42684}"
EndProject
Global
	GlobalSection(SolutionConfigurationPlatforms) = preSolution
		Debug|Any CPU = Debug|Any CPU
		Release|Any CPU = Release|Any CPU
	EndGlobalSection
	GlobalSection(ProjectConfigurationPlatforms) = postSolution
		{97FCD932-3AB5-4849-8782-ADE8FEF42684}.Debug|Any CPU.ActiveCfg = Debug|Any CPU
		{97FCD932-3AB5-4849-8782-ADE8FEF42684}.Debug|Any CPU.Build.0 = Debug|Any CPU
		{97FCD932-3AB5-4849-8782-ADE8FEF42684}.Release|Any CPU.ActiveCfg = Release|Any CPU
		{97FCD932-3AB5-4849-8782-ADE8FEF42684}.Release|Any CPU.Build.0 = Release|Any CPU
	EndGlobalSection
	GlobalSection(SolutionProperties) = preSolution
		HideSolutionNode = FALSE
	EndGlobalSection
	GlobalSection(ExtensibilityGlobals) = postSolution
		SolutionGuid = {34F1FCC7-25E3-4E68-BA88-3F6A18CA472F}
	EndGlobalSection
EndGlobal
