
Microsoft Visual Studio Solution File, Format Version 12.00
# Visual Studio Version 17
VisualStudioVersion = 17.14.36414.22 d17.14
MinimumVisualStudioVersion = 10.0.40219.1
Project("{FAE04EC0-301F-11D3-BF4B-00C04F79EFBC}") = "Laboratorio95", "Laboratorio95\Laboratorio95.csproj", "{C6D65C96-1440-4BAB-B157-5731CC4FC11D}"
EndProject
Global
	GlobalSection(SolutionConfigurationPlatforms) = preSolution
		Debug|Any CPU = Debug|Any CPU
		Release|Any CPU = Release|Any CPU
	EndGlobalSection
	GlobalSection(ProjectConfigurationPlatforms) = postSolution
		{C6D65C96-1440-4BAB-B157-5731CC4FC11D}.Debug|Any CPU.ActiveCfg = Debug|Any CPU
		{C6D65C96-1440-4BAB-B157-5731CC4FC11D}.Debug|Any CPU.Build.0 = Debug|Any CPU
		{C6D65C96-1440-4BAB-B157-5731CC4FC11D}.Release|Any CPU.ActiveCfg = Release|Any CPU
		{C6D65C96-1440-4BAB-B157-5731CC4FC11D}.Release|Any CPU.Build.0 = Release|Any CPU
	EndGlobalSection
	GlobalSection(SolutionProperties) = preSolution
		HideSolutionNode = FALSE
	EndGlobalSection
	GlobalSection(ExtensibilityGlobals) = postSolution
		SolutionGuid = {0D0A54D9-917A-47B4-9428-263803F524AC}
	EndGlobalSection
EndGlobal
