
Microsoft Visual Studio Solution File, Format Version 12.00
# Visual Studio Version 17
VisualStudioVersion = 17.14.36414.22 d17.14
MinimumVisualStudioVersion = 10.0.40219.1
Project("{F184B08F-C81C-45F6-A57F-5ABD9991F28F}") = "Laboratorio10-3", "Laboratorio10-3\Laboratorio10-3.vbproj", "{BB535D4B-A232-40B3-B986-132C223C4D07}"
EndProject
Global
	GlobalSection(SolutionConfigurationPlatforms) = preSolution
		Debug|Any CPU = Debug|Any CPU
		Release|Any CPU = Release|Any CPU
	EndGlobalSection
	GlobalSection(ProjectConfigurationPlatforms) = postSolution
		{BB535D4B-A232-40B3-B986-132C223C4D07}.Debug|Any CPU.ActiveCfg = Debug|Any CPU
		{BB535D4B-A232-40B3-B986-132C223C4D07}.Debug|Any CPU.Build.0 = Debug|Any CPU
		{BB535D4B-A232-40B3-B986-132C223C4D07}.Release|Any CPU.ActiveCfg = Release|Any CPU
		{BB535D4B-A232-40B3-B986-132C223C4D07}.Release|Any CPU.Build.0 = Release|Any CPU
	EndGlobalSection
	GlobalSection(SolutionProperties) = preSolution
		HideSolutionNode = FALSE
	EndGlobalSection
	GlobalSection(ExtensibilityGlobals) = postSolution
		SolutionGuid = {BF423923-0E69-40BA-A87F-4C57FC1972E7}
	EndGlobalSection
EndGlobal
