
Microsoft Visual Studio Solution File, Format Version 12.00
# Visual Studio Version 17
VisualStudioVersion = 17.14.36414.22 d17.14
MinimumVisualStudioVersion = 10.0.40219.1
Project("{FAE04EC0-301F-11D3-BF4B-00C04F79EFBC}") = "Laboratorio88", "Laboratorio88\Laboratorio88.csproj", "{D18EDD34-00EA-466F-AF86-41437452E94E}"
EndProject
Global
	GlobalSection(SolutionConfigurationPlatforms) = preSolution
		Debug|Any CPU = Debug|Any CPU
		Release|Any CPU = Release|Any CPU
	EndGlobalSection
	GlobalSection(ProjectConfigurationPlatforms) = postSolution
		{D18EDD34-00EA-466F-AF86-41437452E94E}.Debug|Any CPU.ActiveCfg = Debug|Any CPU
		{D18EDD34-00EA-466F-AF86-41437452E94E}.Debug|Any CPU.Build.0 = Debug|Any CPU
		{D18EDD34-00EA-466F-AF86-41437452E94E}.Release|Any CPU.ActiveCfg = Release|Any CPU
		{D18EDD34-00EA-466F-AF86-41437452E94E}.Release|Any CPU.Build.0 = Release|Any CPU
	EndGlobalSection
	GlobalSection(SolutionProperties) = preSolution
		HideSolutionNode = FALSE
	EndGlobalSection
	GlobalSection(ExtensibilityGlobals) = postSolution
		SolutionGuid = {DE8CEA00-C073-4120-A4B1-87A30643651C}
	EndGlobalSection
EndGlobal
