
Microsoft Visual Studio Solution File, Format Version 12.00
# Visual Studio Version 17
VisualStudioVersion = 17.14.36414.22 d17.14
MinimumVisualStudioVersion = 10.0.40219.1
Project("{FAE04EC0-301F-11D3-BF4B-00C04F79EFBC}") = "Laboratorio32", "Laboratorio32\Laboratorio32.csproj", "{5A465392-AC49-403B-A952-7E47B242441C}"
EndProject
Global
	GlobalSection(SolutionConfigurationPlatforms) = preSolution
		Debug|Any CPU = Debug|Any CPU
		Release|Any CPU = Release|Any CPU
	EndGlobalSection
	GlobalSection(ProjectConfigurationPlatforms) = postSolution
		{5A465392-AC49-403B-A952-7E47B242441C}.Debug|Any CPU.ActiveCfg = Debug|Any CPU
		{5A465392-AC49-403B-A952-7E47B242441C}.Debug|Any CPU.Build.0 = Debug|Any CPU
		{5A465392-AC49-403B-A952-7E47B242441C}.Release|Any CPU.ActiveCfg = Release|Any CPU
		{5A465392-AC49-403B-A952-7E47B242441C}.Release|Any CPU.Build.0 = Release|Any CPU
	EndGlobalSection
	GlobalSection(SolutionProperties) = preSolution
		HideSolutionNode = FALSE
	EndGlobalSection
	GlobalSection(ExtensibilityGlobals) = postSolution
		SolutionGuid = {41F33816-7BD8-4646-A601-E0C57ED7CCEF}
	EndGlobalSection
EndGlobal
