
Microsoft Visual Studio Solution File, Format Version 12.00
# Visual Studio Version 17
VisualStudioVersion = 17.14.36414.22 d17.14
MinimumVisualStudioVersion = 10.0.40219.1
Project("{FAE04EC0-301F-11D3-BF4B-00C04F79EFBC}") = "Laboratorio33", "Laboratorio33\Laboratorio33.csproj", "{821733D8-6B7F-454C-85A3-8E88C729F0CF}"
EndProject
Global
	GlobalSection(SolutionConfigurationPlatforms) = preSolution
		Debug|Any CPU = Debug|Any CPU
		Release|Any CPU = Release|Any CPU
	EndGlobalSection
	GlobalSection(ProjectConfigurationPlatforms) = postSolution
		{821733D8-6B7F-454C-85A3-8E88C729F0CF}.Debug|Any CPU.ActiveCfg = Debug|Any CPU
		{821733D8-6B7F-454C-85A3-8E88C729F0CF}.Debug|Any CPU.Build.0 = Debug|Any CPU
		{821733D8-6B7F-454C-85A3-8E88C729F0CF}.Release|Any CPU.ActiveCfg = Release|Any CPU
		{821733D8-6B7F-454C-85A3-8E88C729F0CF}.Release|Any CPU.Build.0 = Release|Any CPU
	EndGlobalSection
	GlobalSection(SolutionProperties) = preSolution
		HideSolutionNode = FALSE
	EndGlobalSection
	GlobalSection(ExtensibilityGlobals) = postSolution
		SolutionGuid = {519E0C4A-F56E-4257-9204-B4194EEAF58E}
	EndGlobalSection
EndGlobal
