
Microsoft Visual Studio Solution File, Format Version 12.00
# Visual Studio Version 17
VisualStudioVersion = 17.14.36414.22 d17.14
MinimumVisualStudioVersion = 10.0.40219.1
Project("{FAE04EC0-301F-11D3-BF4B-00C04F79EFBC}") = "Laboratorio72", "Laboratorio72\Laboratorio72.csproj", "{8D404A89-E36F-4EAF-8FD9-768AB746390B}"
EndProject
Global
	GlobalSection(SolutionConfigurationPlatforms) = preSolution
		Debug|Any CPU = Debug|Any CPU
		Release|Any CPU = Release|Any CPU
	EndGlobalSection
	GlobalSection(ProjectConfigurationPlatforms) = postSolution
		{8D404A89-E36F-4EAF-8FD9-768AB746390B}.Debug|Any CPU.ActiveCfg = Debug|Any CPU
		{8D404A89-E36F-4EAF-8FD9-768AB746390B}.Debug|Any CPU.Build.0 = Debug|Any CPU
		{8D404A89-E36F-4EAF-8FD9-768AB746390B}.Release|Any CPU.ActiveCfg = Release|Any CPU
		{8D404A89-E36F-4EAF-8FD9-768AB746390B}.Release|Any CPU.Build.0 = Release|Any CPU
	EndGlobalSection
	GlobalSection(SolutionProperties) = preSolution
		HideSolutionNode = FALSE
	EndGlobalSection
	GlobalSection(ExtensibilityGlobals) = postSolution
		SolutionGuid = {81E529E6-1512-46BC-AA0B-75D4FBEA24F7}
	EndGlobalSection
EndGlobal
